<?xml version="1.0" encoding="utf-8"?>
<Project ToolsVersion="4.0" xmlns="http://schemas.microsoft.com/developer/msbuild/2003">
  <ItemGroup>
    <Filter Include="Utility">
      <UniqueIdentifier>{9a6ea12f-ebb5-49a9-91f2-4d8a8999ac84}</UniqueIdentifier>
    </Filter>
    <Filter Include="Utility\Header">
      <UniqueIdentifier>{3ccea13c-ccc0-4b72-bcca-1d0fe3a346fe}</UniqueIdentifier>
    </Filter>
    <Filter Include="Utility\Source">
      <UniqueIdentifier>{d8730463-f39a-4828-bc48-c6ded75a5b43}</UniqueIdentifier>
    </Filter>
    <Filter Include="Application">
      <UniqueIdentifier>{5aee7b17-3726-4041-80c1-c4795e7be2ae}</UniqueIdentifier>
    </Filter>
    <Filter Include="Content">
      <UniqueIdentifier>{ddd31096-c30f-4cd9-ac2a-57a37ad7e2bd}</UniqueIdentifier>
    </Filter>
    <Filter Include="Math">
      <UniqueIdentifier>{fb44c20c-7baf-4869-a0de-13908e7dda46}</UniqueIdentifier>
    </Filter>
    <Filter Include="Math\Header">
      <UniqueIdentifier>{2bcca8af-c0f1-49f1-b97d-3a371d06cee3}</UniqueIdentifier>
    </Filter>
    <Filter Include="Math\Source">
      <UniqueIdentifier>{76064a24-3249-4643-963b-6247c8296452}</UniqueIdentifier>
    </Filter>
    <Filter Include="Renderer">
      <UniqueIdentifier>{c313c13a-e578-44d8-b6bf-808b4519a504}</UniqueIdentifier>
    </Filter>
    <Filter Include="Renderer\Header">
      <UniqueIdentifier>{aff1bfd9-b680-49c7-bef5-b1a2d463e205}</UniqueIdentifier>
    </Filter>
    <Filter Include="Renderer\Source">
      <UniqueIdentifier>{9bc106d6-5ba5-404d-aae6-4d16df70a78c}</UniqueIdentifier>
    </Filter>
    <Filter Include="Content\Shaders">
      <UniqueIdentifier>{e8c95f7b-e600-4aa3-aabb-48335196c51b}</UniqueIdentifier>
    </Filter>
    <Filter Include="Scene">
      <UniqueIdentifier>{9bbc6468-2f1c-4f1f-87cf-5f0939c660c6}</UniqueIdentifier>
    </Filter>
    <Filter Include="Scene\Header">
      <UniqueIdentifier>{e0a8bf84-69cd-4a1e-9f8e-62bf313f42c2}</UniqueIdentifier>
    </Filter>
    <Filter Include="Scene\Source">
      <UniqueIdentifier>{cd54f66a-91de-4a15-ae44-86f037cd8613}</UniqueIdentifier>
    </Filter>
    <Filter Include="Windows">
      <UniqueIdentifier>{7eb6ebc4-3139-4fbb-b0e0-057e7f929b1c}</UniqueIdentifier>
    </Filter>
    <Filter Include="Windows\Header">
      <UniqueIdentifier>{77da182a-8da7-4829-a844-e2aea0674e8b}</UniqueIdentifier>
    </Filter>
    <Filter Include="Windows\Source">
      <UniqueIdentifier>{62ed5baf-95a8-485b-bcdb-34d90e6ea7f7}</UniqueIdentifier>
    </Filter>
  </ItemGroup>
  <ItemGroup>
    <ClCompile Include="WindowsWrapper.cpp">
      <Filter>Windows\Source</Filter>
    </ClCompile>
    <ClCompile Include="Timer.cpp">
      <Filter>Utility\Source</Filter>
    </ClCompile>
    <ClCompile Include="Main.cpp">
      <Filter>Application</Filter>
    </ClCompile>
    <ClCompile Include="RenderBatch.cpp">
      <Filter>Renderer\Source</Filter>
    </ClCompile>
    <ClCompile Include="SceneGraph.cpp">
      <Filter>Scene\Header</Filter>
    </ClCompile>
    <ClCompile Include="Renderer.cpp">
      <Filter>Renderer\Source</Filter>
    </ClCompile>
    <ClCompile Include="SceneManager.cpp">
      <Filter>Scene\Source</Filter>
    </ClCompile>
  </ItemGroup>
  <ItemGroup>
    <ClInclude Include="WindowsWrapper.h">
      <Filter>Windows\Header</Filter>
    </ClInclude>
    <ClInclude Include="Timer.h">
      <Filter>Utility\Header</Filter>
    </ClInclude>
    <ClInclude Include="CGLab2.h">
      <Filter>Application</Filter>
    </ClInclude>
    <ClInclude Include="Error.h">
      <Filter>Utility\Header</Filter>
    </ClInclude>
    <ClInclude Include="Vector3.h">
      <Filter>Math\Header</Filter>
    </ClInclude>
    <ClInclude Include="Point3.h">
      <Filter>Math\Header</Filter>
    </ClInclude>
    <ClInclude Include="Matrix4.h">
      <Filter>Math\Header</Filter>
    </ClInclude>
    <ClInclude Include="Test.h">
      <Filter>Application</Filter>
    </ClInclude>
    <ClInclude Include="Vertex.h">
      <Filter>Math\Header</Filter>
    </ClInclude>
    <ClInclude Include="Vector2.h">
      <Filter>Math\Header</Filter>
    </ClInclude>
    <ClInclude Include="Renderable.h">
      <Filter>Renderer\Header</Filter>
    </ClInclude>
    <ClInclude Include="RenderBatch.h">
      <Filter>Renderer\Header</Filter>
    </ClInclude>
    <ClInclude Include="KeyboardState.h">
      <Filter>Renderer\Header</Filter>
    </ClInclude>
    <ClInclude Include="MouseState.h">
      <Filter>Renderer\Header</Filter>
    </ClInclude>
    <ClInclude Include="Point2.h">
      <Filter>Math\Header</Filter>
    </ClInclude>
    <ClInclude Include="ShaderTest.h">
      <Filter>Application</Filter>
    </ClInclude>
    <ClInclude Include="CGLab3.h">
      <Filter>Application</Filter>
    </ClInclude>
    <ClInclude Include="SceneManager.h">
      <Filter>Scene\Header</Filter>
    </ClInclude>
    <ClInclude Include="SceneGraph.h">
      <Filter>Scene\Header</Filter>
    </ClInclude>
    <ClInclude Include="Node.h">
      <Filter>Scene\Header</Filter>
    </ClInclude>
    <ClInclude Include="ObjLoader.h">
      <Filter>Content</Filter>
    </ClInclude>
    <ClInclude Include="Camera.h">
      <Filter>Scene\Header</Filter>
    </ClInclude>
    <ClInclude Include="Texture.h">
      <Filter>Content</Filter>
    </ClInclude>
    <ClInclude Include="Material.h">
      <Filter>Content</Filter>
    </ClInclude>
    <ClInclude Include="Mesh.h">
      <Filter>Content</Filter>
    </ClInclude>
    <ClInclude Include="Model.h">
      <Filter>Content</Filter>
    </ClInclude>
    <ClInclude Include="Resource.h">
      <Filter>Content</Filter>
    </ClInclude>
    <ClInclude Include="ResourceManager.h">
      <Filter>Content</Filter>
    </ClInclude>
    <ClInclude Include="Shader.h">
      <Filter>Content</Filter>
    </ClInclude>
    <ClInclude Include="Geometry.h">
      <Filter>Scene\Header</Filter>
    </ClInclude>
    <ClInclude Include="FreeFormCamera.h">
      <Filter>Scene\Header</Filter>
    </ClInclude>
    <ClInclude Include="Renderer.h">
      <Filter>Renderer\Header</Filter>
    </ClInclude>
    <ClInclude Include="IApp.h">
      <Filter>Scene\Header</Filter>
    </ClInclude>
    <ClInclude Include="Render_test.h">
      <Filter>Application</Filter>
    </ClInclude>
  </ItemGroup>
  <ItemGroup>
    <None Include="..\Shader Files\toon.frag">
      <Filter>Content\Shaders</Filter>
    </None>
    <None Include="..\Shader Files\toon.vert">
      <Filter>Content\Shaders</Filter>
    </None>
  </ItemGroup>
</Project>